{
  "lockfileVersion": 1,
  "configVersion": 1,
  "workspaces": {
    "": {
      "name": "agents",
      "devDependencies": {
        "@types/bun": "latest",
      },
      "peerDependencies": {
        "typescript": "^5",
      },
    },
    "packages/anthropic": {
      "name": "@floor-agents/anthropic",
      "version": "0.0.1",
      "dependencies": {
        "@floor-agents/core": "workspace:*",
      },
    },
    "packages/claude-code": {
      "name": "@floor-agents/claude-code",
      "version": "0.0.1",
      "dependencies": {
        "@floor-agents/core": "workspace:*",
      },
    },
    "packages/context-builder": {
      "name": "@floor-agents/context-builder",
      "version": "0.0.1",
      "dependencies": {
        "@floor-agents/core": "workspace:*",
      },
    },
    "packages/core": {
      "name": "@floor-agents/core",
      "version": "0.0.1",
      "dependencies": {
        "yaml": "^2.7.1",
      },
    },
    "packages/github": {
      "name": "@floor-agents/github",
      "version": "0.0.1",
      "dependencies": {
        "@floor-agents/core": "workspace:*",
      },
    },
    "packages/lmstudio": {
      "name": "@floor-agents/lmstudio",
      "version": "0.0.1",
      "dependencies": {
        "@floor-agents/core": "workspace:*",
      },
    },
    "packages/openai": {
      "name": "@floor-agents/openai",
      "version": "0.0.1",
      "dependencies": {
        "@floor-agents/core": "workspace:*",
      },
    },
    "packages/orchestrator": {
      "name": "@floor-agents/orchestrator",
      "version": "0.0.1",
      "dependencies": {
        "@floor-agents/anthropic": "workspace:*",
        "@floor-agents/context-builder": "workspace:*",
        "@floor-agents/core": "workspace:*",
        "@floor-agents/github": "workspace:*",
        "@floor-agents/openai": "workspace:*",
        "@floor-agents/task": "workspace:*",
      },
    },
    "packages/task": {
      "name": "@floor-agents/task",
      "version": "0.0.1",
      "dependencies": {
        "@floor-agents/core": "workspace:*",
      },
    },
  },
  "packages": {
    "@floor-agents/anthropic": ["@floor-agents/anthropic@workspace:packages/anthropic"],

    "@floor-agents/claude-code": ["@floor-agents/claude-code@workspace:packages/claude-code"],

    "@floor-agents/context-builder": ["@floor-agents/context-builder@workspace:packages/context-builder"],

    "@floor-agents/core": ["@floor-agents/core@workspace:packages/core"],

    "@floor-agents/github": ["@floor-agents/github@workspace:packages/github"],

    "@floor-agents/lmstudio": ["@floor-agents/lmstudio@workspace:packages/lmstudio"],

    "@floor-agents/openai": ["@floor-agents/openai@workspace:packages/openai"],

    "@floor-agents/orchestrator": ["@floor-agents/orchestrator@workspace:packages/orchestrator"],

    "@floor-agents/task": ["@floor-agents/task@workspace:packages/task"],

    "@types/bun": ["@types/bun@1.3.11", "", { "dependencies": { "bun-types": "1.3.11" } }, "sha512-5vPne5QvtpjGpsGYXiFyycfpDF2ECyPcTSsFBMa0fraoxiQyMJ3SmuQIGhzPg2WJuWxVBoxWJ2kClYTcw/4fAg=="],

    "@types/node": ["@types/node@25.5.0", "", { "dependencies": { "undici-types": "~7.18.0" } }, "sha512-jp2P3tQMSxWugkCUKLRPVUpGaL5MVFwF8RDuSRztfwgN1wmqJeMSbKlnEtQqU8UrhTmzEmZdu2I6v2dpp7XIxw=="],

    "bun-types": ["bun-types@1.3.11", "", { "dependencies": { "@types/node": "*" } }, "sha512-1KGPpoxQWl9f6wcZh57LvrPIInQMn2TQ7jsgxqpRzg+l0QPOFvJVH7HmvHo/AiPgwXy+/Thf6Ov3EdVn1vOabg=="],

    "typescript": ["typescript@5.9.3", "", { "bin": { "tsc": "bin/tsc", "tsserver": "bin/tsserver" } }, "sha512-jl1vZzPDinLr9eUt3J/t7V6FgNEw9QjvBPdysz9KfQDD41fQrC2Y4vKQdiaUpFT4bXlb1RHhLpp8wtm6M5TgSw=="],

    "undici-types": ["undici-types@7.18.2", "", {}, "sha512-AsuCzffGHJybSaRrmr5eHr81mwJU3kjw6M+uprWvCXiNeN9SOGwQ3Jn8jb8m3Z6izVgknn1R0FTCEAP2QrLY/w=="],

    "yaml": ["yaml@2.8.3", "", { "bin": { "yaml": "bin.mjs" } }, "sha512-AvbaCLOO2Otw/lW5bmh9d/WEdcDFdQp2Z2ZUH3pX9U2ihyUY0nvLv7J6TrWowklRGPYbB/IuIMfYgxaCPg5Bpg=="],
  }
}
